
Microsoft Visual Studio Solution File, Format Version 12.00
# Visual Studio 15
Project("{FAE04EC0-301F-11D3-BF4B-00C04F79EFBC}") = "Battleship", "Battleship\Battleship.csproj", "{E308F3FC-D189-470A-8AE3-94AC20538684}"
EndProject
Global
	GlobalSection(SolutionConfigurationPlatforms) = preSolution
		Debug|anycpu = Debug|anycpu
		Release|anycpu = Release|anycpu
	EndGlobalSection
	GlobalSection(ProjectConfigurationPlatforms) = postSolution
		{E308F3FC-D189-470A-8AE3-94AC20538684}.Debug|anycpu.ActiveCfg = Debug|anycpu
		{E308F3FC-D189-470A-8AE3-94AC20538684}.Debug|anycpu.Build.0 = Debug|anycpu
		{E308F3FC-D189-470A-8AE3-94AC20538684}.Release|anycpu.ActiveCfg = Release|anycpu
		{E308F3FC-D189-470A-8AE3-94AC20538684}.Release|anycpu.Build.0 = Release|anycpu
	EndGlobalSection
EndGlobal
